
Microsoft Visual Studio Solution File, Format Version 12.00
# Visual Studio Version 17
VisualStudioVersion = 17.9.34723.18
MinimumVisualStudioVersion = 10.0.40219.1
Project("{9A19103F-16F7-4668-BE54-9A1E7A4F7556}") = "Syssaladebelleza.EN", "Syssaladebelleza.en\Syssaladebelleza.EN.csproj", "{3F49C80B-484D-4C16-92B0-C33BAC5AFACA}"
EndProject
Project("{9A19103F-16F7-4668-BE54-9A1E7A4F7556}") = "Syssaladebelleza.DAL", "Syssaladebelleza.dal\Syssaladebelleza.DAL.csproj", "{0EF33885-FAD2-4CFE-BF80-5CBA52DE7B4F}"
EndProject
Project("{9A19103F-16F7-4668-BE54-9A1E7A4F7556}") = "Syssaladebelleza.BL", "Syssaladebelleza.bl\Syssaladebelleza.BL.csproj", "{9D7712FA-6263-445D-9CFB-381DED50215E}"
EndProject
Project("{FAE04EC0-301F-11D3-BF4B-00C04F79EFBC}") = "Syssaladebelleza", "WebAppy\Syssaladebelleza.csproj", "{06EC8CF1-ACD4-4814-BAA8-20929EF7CAA5}"
EndProject
Global
	GlobalSection(SolutionConfigurationPlatforms) = preSolution
		Debug|Any CPU = Debug|Any CPU
		Release|Any CPU = Release|Any CPU
	EndGlobalSection
	GlobalSection(ProjectConfigurationPlatforms) = postSolution
		{3F49C80B-484D-4C16-92B0-C33BAC5AFACA}.Debug|Any CPU.ActiveCfg = Debug|Any CPU
		{3F49C80B-484D-4C16-92B0-C33BAC5AFACA}.Debug|Any CPU.Build.0 = Debug|Any CPU
		{3F49C80B-484D-4C16-92B0-C33BAC5AFACA}.Release|Any CPU.ActiveCfg = Release|Any CPU
		{3F49C80B-484D-4C16-92B0-C33BAC5AFACA}.Release|Any CPU.Build.0 = Release|Any CPU
		{0EF33885-FAD2-4CFE-BF80-5CBA52DE7B4F}.Debug|Any CPU.ActiveCfg = Debug|Any CPU
		{0EF33885-FAD2-4CFE-BF80-5CBA52DE7B4F}.Debug|Any CPU.Build.0 = Debug|Any CPU
		{0EF33885-FAD2-4CFE-BF80-5CBA52DE7B4F}.Release|Any CPU.ActiveCfg = Release|Any CPU
		{0EF33885-FAD2-4CFE-BF80-5CBA52DE7B4F}.Release|Any CPU.Build.0 = Release|Any CPU
		{9D7712FA-6263-445D-9CFB-381DED50215E}.Debug|Any CPU.ActiveCfg = Debug|Any CPU
		{9D7712FA-6263-445D-9CFB-381DED50215E}.Debug|Any CPU.Build.0 = Debug|Any CPU
		{9D7712FA-6263-445D-9CFB-381DED50215E}.Release|Any CPU.ActiveCfg = Release|Any CPU
		{9D7712FA-6263-445D-9CFB-381DED50215E}.Release|Any CPU.Build.0 = Release|Any CPU
		{06EC8CF1-ACD4-4814-BAA8-20929EF7CAA5}.Debug|Any CPU.ActiveCfg = Debug|Any CPU
		{06EC8CF1-ACD4-4814-BAA8-20929EF7CAA5}.Debug|Any CPU.Build.0 = Debug|Any CPU
		{06EC8CF1-ACD4-4814-BAA8-20929EF7CAA5}.Release|Any CPU.ActiveCfg = Release|Any CPU
		{06EC8CF1-ACD4-4814-BAA8-20929EF7CAA5}.Release|Any CPU.Build.0 = Release|Any CPU
	EndGlobalSection
	GlobalSection(SolutionProperties) = preSolution
		HideSolutionNode = FALSE
	EndGlobalSection
	GlobalSection(ExtensibilityGlobals) = postSolution
		SolutionGuid = {407CB346-AF3E-403D-AA56-CC38027E6D02}
	EndGlobalSection
EndGlobal
